
Microsoft Visual Studio Solution File, Format Version 12.00
# Visual Studio Version 17
VisualStudioVersion = 17.12.35728.132
MinimumVisualStudioVersion = 10.0.40219.1
Project("{FAE04EC0-301F-11D3-BF4B-00C04F79EFBC}") = "MdSearch 1.0", "MdSearch 1.0\MdSearch 1.0.csproj", "{A9724201-D6AF-4E90-99A2-D859764CA883}"
EndProject
Global
	GlobalSection(SolutionConfigurationPlatforms) = preSolution
		Debug|Any CPU = Debug|Any CPU
		Release|Any CPU = Release|Any CPU
	EndGlobalSection
	GlobalSection(ProjectConfigurationPlatforms) = postSolution
		{A9724201-D6AF-4E90-99A2-D859764CA883}.Debug|Any CPU.ActiveCfg = Debug|Any CPU
		{A9724201-D6AF-4E90-99A2-D859764CA883}.Debug|Any CPU.Build.0 = Debug|Any CPU
		{A9724201-D6AF-4E90-99A2-D859764CA883}.Release|Any CPU.ActiveCfg = Release|Any CPU
		{A9724201-D6AF-4E90-99A2-D859764CA883}.Release|Any CPU.Build.0 = Release|Any CPU
	EndGlobalSection
	GlobalSection(SolutionProperties) = preSolution
		HideSolutionNode = FALSE
	EndGlobalSection
	GlobalSection(ExtensibilityGlobals) = postSolution
		SolutionGuid = {B6B92115-343F-4CAB-9226-0F6E20B5D712}
	EndGlobalSection
EndGlobal
